
Microsoft Visual Studio Solution File, Format Version 12.00
# Visual Studio Version 17
VisualStudioVersion = 17.0.32014.148
MinimumVisualStudioVersion = 10.0.40219.1
Project("{9A19103F-16F7-4668-BE54-9A1E7A4F7556}") = "RSecurityBackend", "RSecurityBackend\RSecurityBackend.csproj", "{C8A0E2CC-6C72-42AA-B866-EC56B2D0A0E6}"
EndProject
Project("{9A19103F-16F7-4668-BE54-9A1E7A4F7556}") = "SampleProject", "SampleProject\SampleProject.csproj", "{475D755D-8397-46AA-8D55-88F303725457}"
EndProject
Global
	GlobalSection(SolutionConfigurationPlatforms) = preSolution
		Debug|Any CPU = Debug|Any CPU
		Release|Any CPU = Release|Any CPU
	EndGlobalSection
	GlobalSection(ProjectConfigurationPlatforms) = postSolution
		{C8A0E2CC-6C72-42AA-B866-EC56B2D0A0E6}.Debug|Any CPU.ActiveCfg = Debug|Any CPU
		{C8A0E2CC-6C72-42AA-B866-EC56B2D0A0E6}.Debug|Any CPU.Build.0 = Debug|Any CPU
		{C8A0E2CC-6C72-42AA-B866-EC56B2D0A0E6}.Release|Any CPU.ActiveCfg = Release|Any CPU
		{C8A0E2CC-6C72-42AA-B866-EC56B2D0A0E6}.Release|Any CPU.Build.0 = Release|Any CPU
		{475D755D-8397-46AA-8D55-88F303725457}.Debug|Any CPU.ActiveCfg = Debug|Any CPU
		{475D755D-8397-46AA-8D55-88F303725457}.Debug|Any CPU.Build.0 = Debug|Any CPU
		{475D755D-8397-46AA-8D55-88F303725457}.Release|Any CPU.ActiveCfg = Release|Any CPU
		{475D755D-8397-46AA-8D55-88F303725457}.Release|Any CPU.Build.0 = Release|Any CPU
	EndGlobalSection
	GlobalSection(SolutionProperties) = preSolution
		HideSolutionNode = FALSE
	EndGlobalSection
	GlobalSection(ExtensibilityGlobals) = postSolution
		SolutionGuid = {909A31D9-DD4D-414C-8F3D-72F8C64FEEC5}
	EndGlobalSection
EndGlobal
